# This file is autogenerated, do not edit; changes may be undone by the next 'dep ensure'.


[[projects]]
  name = "cloud.google.com/go"
  packages = ["compute/metadata"]
  revision = "29f476ffa9c4cd4fd14336b6043090ac1ad76733"
  version = "v0.21.0"

[[projects]]
  name = "github.com/golang/protobuf"
  packages = ["proto"]
  revision = "b4deda0973fb4c70b50d226b1af49f3da59f5265"
  version = "v1.1.0"

[[projects]]
  branch = "master"
  name = "github.com/luci/gae"
  packages = [
    "impl/memory",
    "impl/prod",
    "service/datastore"
  ]
  revision = "c93eea5a34cfd3efc3b65e72fa3383b59de7c6a3"

[[projects]]
  branch = "master"
  name = "github.com/luci/gtreap"
  packages = ["."]
  revision = "35df89791e8f5560a1fa0c0e8b58709beda51722"

[[projects]]
  branch = "master"
  name = "go.chromium.org/gae"
  packages = [
    "impl/dummy",
    "impl/prod/constraints",
    "service/blobstore",
    "service/datastore",
    "service/datastore/internal/protos/datastore",
    "service/datastore/serialize",
    "service/info",
    "service/info/support",
    "service/mail",
    "service/memcache",
    "service/module",
    "service/taskqueue",
    "service/urlfetch",
    "service/user"
  ]
  revision = "c93eea5a34cfd3efc3b65e72fa3383b59de7c6a3"

[[projects]]
  branch = "master"
  name = "go.chromium.org/luci"
  packages = [
    "common/clock",
    "common/data/cmpbin",
    "common/data/stringset",
    "common/data/text/indented",
    "common/data/treapstore",
    "common/errors",
    "common/iotools",
    "common/logging",
    "common/logging/memlogger",
    "common/runtime/goroutine",
    "common/sync/parallel"
  ]
  revision = "add20df8cf783f4374180e6d04a37b07dd405a37"

[[projects]]
  branch = "master"
  name = "golang.org/x/net"
  packages = [
    "context",
    "context/ctxhttp"
  ]
  revision = "640f4622ab692b87c2f3a94265e6f579fe38263d"

[[projects]]
  branch = "master"
  name = "golang.org/x/oauth2"
  packages = [
    ".",
    "google",
    "internal",
    "jws",
    "jwt"
  ]
  revision = "cdc340f7c179dbbfa4afd43b7614e8fcadde4269"

[[projects]]
  name = "google.golang.org/appengine"
  packages = [
    ".",
    "datastore",
    "internal",
    "internal/app_identity",
    "internal/base",
    "internal/datastore",
    "internal/log",
    "internal/mail",
    "internal/memcache",
    "internal/modules",
    "internal/remote_api",
    "internal/taskqueue",
    "internal/urlfetch",
    "internal/user",
    "log",
    "mail",
    "memcache",
    "module",
    "remote_api",
    "taskqueue",
    "urlfetch",
    "user"
  ]
  revision = "150dc57a1b433e64154302bdc40b6bb8aefa313a"
  version = "v1.0.0"

[[projects]]
  name = "gopkg.in/yaml.v2"
  packages = ["."]
  revision = "5420a8b6744d3b0345ab293f6fcba19c978f1183"
  version = "v2.2.1"

[solve-meta]
  analyzer-name = "dep"
  analyzer-version = 1
  inputs-digest = "a31d4151777690f0cbf55018af39fa51d4b4c5e19243ab76ef301978cb2108b9"
  solver-name = "gps-cdcl"
  solver-version = 1
